
Microsoft Visual Studio Solution File, Format Version 12.00
# Visual Studio Version 17
VisualStudioVersion = 17.2.32616.157
MinimumVisualStudioVersion = 10.0.40219.1
Project("{FAE04EC0-301F-11D3-BF4B-00C04F79EFBC}") = "Onboarding", "Onboarding\Onboarding.csproj", "{EE07F6ED-5A07-41E5-94B2-22479F50C90C}"
EndProject
Global
	GlobalSection(SolutionConfigurationPlatforms) = preSolution
		Debug|Any CPU = Debug|Any CPU
		Release|Any CPU = Release|Any CPU
	EndGlobalSection
	GlobalSection(ProjectConfigurationPlatforms) = postSolution
		{EE07F6ED-5A07-41E5-94B2-22479F50C90C}.Debug|Any CPU.ActiveCfg = Debug|Any CPU
		{EE07F6ED-5A07-41E5-94B2-22479F50C90C}.Debug|Any CPU.Build.0 = Debug|Any CPU
		{EE07F6ED-5A07-41E5-94B2-22479F50C90C}.Release|Any CPU.ActiveCfg = Release|Any CPU
		{EE07F6ED-5A07-41E5-94B2-22479F50C90C}.Release|Any CPU.Build.0 = Release|Any CPU
	EndGlobalSection
	GlobalSection(SolutionProperties) = preSolution
		HideSolutionNode = FALSE
	EndGlobalSection
	GlobalSection(ExtensibilityGlobals) = postSolution
		SolutionGuid = {CE354430-4CE2-4BEB-88CE-CED922C45832}
	EndGlobalSection
EndGlobal
